// !$*UTF8*$!
{
	archiveVersion = 1;
	classes = {
	};
	objectVersion = 46;
	objects = {

/* Begin PBXBuildFile section */
		AC4C07F71B83096700C16F75 /* Group-100.png in Resources */ = {isa = PBXBuildFile; fileRef = AC4C07F51B83096700C16F75 /* Group-100.png */; };
		AC4C07F81B83096700C16F75 /* User-100.png in Resources */ = {isa = PBXBuildFile; fileRef = AC4C07F61B83096700C16F75 /* User-100.png */; };
		AC4C07FA1B830A2A00C16F75 /* Right Filled-100.png in Resources */ = {isa = PBXBuildFile; fileRef = AC4C07F91B830A2A00C16F75 /* Right Filled-100.png */; };
		AC4C07FC1B8389FD00C16F75 /* TipHistoryTableCell.swift in Sources */ = {isa = PBXBuildFile; fileRef = AC4C07FB1B8389FD00C16F75 /* TipHistoryTableCell.swift */; };
		AC4C08311B8EABF100C16F75 /* Map Marker-64.png in Resources */ = {isa = PBXBuildFile; fileRef = AC4C08301B8EABF100C16F75 /* Map Marker-64.png */; };
		AC4C08351B8EB6B100C16F75 /* TipHistory.swift in Sources */ = {isa = PBXBuildFile; fileRef = AC4C08341B8EB6B100C16F75 /* TipHistory.swift */; };
		AC8CBBBA1B81B02C00C25A4D /* Info-25.png in Resources */ = {isa = PBXBuildFile; fileRef = AC8CBBB91B81B02C00C25A4D /* Info-25.png */; };
		AC8CBBBE1B81B70500C25A4D /* AcknowledgementViewController.swift in Sources */ = {isa = PBXBuildFile; fileRef = AC8CBBBD1B81B70500C25A4D /* AcknowledgementViewController.swift */; };
		AC8CBBC01B81B90300C25A4D /* Banknotes-100.png in Resources */ = {isa = PBXBuildFile; fileRef = AC8CBBBF1B81B90300C25A4D /* Banknotes-100.png */; };
		AC8CBBC21B81B95800C25A4D /* Tip-100.png in Resources */ = {isa = PBXBuildFile; fileRef = AC8CBBC11B81B95800C25A4D /* Tip-100.png */; };
		AC8CBBC81B81BFF500C25A4D /* tipApp-120.png in Resources */ = {isa = PBXBuildFile; fileRef = AC8CBBC71B81BFF500C25A4D /* tipApp-120.png */; };
		AC8CBBCA1B81C02900C25A4D /* tipApp-180.png in Resources */ = {isa = PBXBuildFile; fileRef = AC8CBBC91B81C02900C25A4D /* tipApp-180.png */; };
		AC8CBBCE1B81C53100C25A4D /* Loading.png in Resources */ = {isa = PBXBuildFile; fileRef = AC8CBBCD1B81C53100C25A4D /* Loading.png */; };
		AC9AEFE31B80259B002B14E2 /* AppDelegate.swift in Sources */ = {isa = PBXBuildFile; fileRef = AC9AEFE21B80259B002B14E2 /* AppDelegate.swift */; };
		AC9AEFE61B80259B002B14E2 /* TipCal.xcdatamodeld in Sources */ = {isa = PBXBuildFile; fileRef = AC9AEFE41B80259B002B14E2 /* TipCal.xcdatamodeld */; };
		AC9AEFE81B80259B002B14E2 /* CalculatorViewController.swift in Sources */ = {isa = PBXBuildFile; fileRef = AC9AEFE71B80259B002B14E2 /* CalculatorViewController.swift */; };
		AC9AEFEB1B80259B002B14E2 /* Main.storyboard in Resources */ = {isa = PBXBuildFile; fileRef = AC9AEFE91B80259B002B14E2 /* Main.storyboard */; };
		AC9AEFED1B80259B002B14E2 /* Images.xcassets in Resources */ = {isa = PBXBuildFile; fileRef = AC9AEFEC1B80259B002B14E2 /* Images.xcassets */; };
		AC9AEFF01B80259B002B14E2 /* LaunchScreen.xib in Resources */ = {isa = PBXBuildFile; fileRef = AC9AEFEE1B80259B002B14E2 /* LaunchScreen.xib */; };
		AC9AEFFC1B80259B002B14E2 /* TipCalTests.swift in Sources */ = {isa = PBXBuildFile; fileRef = AC9AEFFB1B80259B002B14E2 /* TipCalTests.swift */; };
		AC9AF00A1B802905002B14E2 /* Settings-24.png in Resources */ = {isa = PBXBuildFile; fileRef = AC9AF0091B802905002B14E2 /* Settings-24.png */; };
		AC9AF00C1B802974002B14E2 /* History-24.png in Resources */ = {isa = PBXBuildFile; fileRef = AC9AF00B1B802974002B14E2 /* History-24.png */; };
		AC9AF00E1B802A2D002B14E2 /* TipHistoryTableViewController.swift in Sources */ = {isa = PBXBuildFile; fileRef = AC9AF00D1B802A2D002B14E2 /* TipHistoryTableViewController.swift */; };
		AC9AF0101B802A47002B14E2 /* SettingsViewController.swift in Sources */ = {isa = PBXBuildFile; fileRef = AC9AF00F1B802A47002B14E2 /* SettingsViewController.swift */; };
		AC9AF01F1B803276002B14E2 /* LessTip-30.png in Resources */ = {isa = PBXBuildFile; fileRef = AC9AF01D1B803276002B14E2 /* LessTip-30.png */; };
		AC9AF0201B803276002B14E2 /* MoreTip-30.png in Resources */ = {isa = PBXBuildFile; fileRef = AC9AF01E1B803276002B14E2 /* MoreTip-30.png */; };
		AC9AF0221B80333A002B14E2 /* TipCal.plist in Resources */ = {isa = PBXBuildFile; fileRef = AC9AF0211B80333A002B14E2 /* TipCal.plist */; };
		AC9AF0241B803364002B14E2 /* TipCalConstants.swift in Sources */ = {isa = PBXBuildFile; fileRef = AC9AF0231B803364002B14E2 /* TipCalConstants.swift */; };
		AC9AF02C1B806E7C002B14E2 /* LastBillAmount.swift in Sources */ = {isa = PBXBuildFile; fileRef = AC9AF02B1B806E7C002B14E2 /* LastBillAmount.swift */; };
		AC9AF02E1B807E23002B14E2 /* TipCalUtils.swift in Sources */ = {isa = PBXBuildFile; fileRef = AC9AF02D1B807E23002B14E2 /* TipCalUtils.swift */; };
		AC9AF0401B80DF80002B14E2 /* TipDetailsViewController.swift in Sources */ = {isa = PBXBuildFile; fileRef = AC9AF03F1B80DF80002B14E2 /* TipDetailsViewController.swift */; };
		ACF548511B82EE58005D58BE /* TipCalDemo.gif in Resources */ = {isa = PBXBuildFile; fileRef = ACF548501B82EE58005D58BE /* TipCalDemo.gif */; };
		ACF75E551B8F46DC005D447A /* TipCalculator.swift in Sources */ = {isa = PBXBuildFile; fileRef = ACF75E541B8F46DC005D447A /* TipCalculator.swift */; };
/* End PBXBuildFile section */

/* Begin PBXContainerItemProxy section */
		AC9AEFF61B80259B002B14E2 /* PBXContainerItemProxy */ = {
			isa = PBXContainerItemProxy;
			containerPortal = AC9AEFD51B80259B002B14E2 /* Project object */;
			proxyType = 1;
			remoteGlobalIDString = AC9AEFDC1B80259B002B14E2;
			remoteInfo = TipCal;
		};
/* End PBXContainerItemProxy section */

/* Begin PBXFileReference section */
		AC4C07F51B83096700C16F75 /* Group-100.png */ = {isa = PBXFileReference; lastKnownFileType = image.png; path = "Group-100.png"; sourceTree = "<group>"; };
		AC4C07F61B83096700C16F75 /* User-100.png */ = {isa = PBXFileReference; lastKnownFileType = image.png; path = "User-100.png"; sourceTree = "<group>"; };
		AC4C07F91B830A2A00C16F75 /* Right Filled-100.png */ = {isa = PBXFileReference; lastKnownFileType = image.png; path = "Right Filled-100.png"; sourceTree = "<group>"; };
		AC4C07FB1B8389FD00C16F75 /* TipHistoryTableCell.swift */ = {isa = PBXFileReference; fileEncoding = 4; lastKnownFileType = sourcecode.swift; path = TipHistoryTableCell.swift; sourceTree = "<group>"; };
		AC4C08301B8EABF100C16F75 /* Map Marker-64.png */ = {isa = PBXFileReference; lastKnownFileType = image.png; path = "Map Marker-64.png"; sourceTree = "<group>"; };
		AC4C08341B8EB6B100C16F75 /* TipHistory.swift */ = {isa = PBXFileReference; fileEncoding = 4; lastKnownFileType = sourcecode.swift; path = TipHistory.swift; sourceTree = "<group>"; };
		AC8CBBB91B81B02C00C25A4D /* Info-25.png */ = {isa = PBXFileReference; lastKnownFileType = image.png; path = "Info-25.png"; sourceTree = "<group>"; };
		AC8CBBBD1B81B70500C25A4D /* AcknowledgementViewController.swift */ = {isa = PBXFileReference; fileEncoding = 4; lastKnownFileType = sourcecode.swift; path = AcknowledgementViewController.swift; sourceTree = "<group>"; };
		AC8CBBBF1B81B90300C25A4D /* Banknotes-100.png */ = {isa = PBXFileReference; lastKnownFileType = image.png; path = "Banknotes-100.png"; sourceTree = "<group>"; };
		AC8CBBC11B81B95800C25A4D /* Tip-100.png */ = {isa = PBXFileReference; lastKnownFileType = image.png; path = "Tip-100.png"; sourceTree = "<group>"; };
		AC8CBBC71B81BFF500C25A4D /* tipApp-120.png */ = {isa = PBXFileReference; lastKnownFileType = image.png; path = "tipApp-120.png"; sourceTree = "<group>"; };
		AC8CBBC91B81C02900C25A4D /* tipApp-180.png */ = {isa = PBXFileReference; lastKnownFileType = image.png; path = "tipApp-180.png"; sourceTree = "<group>"; };
		AC8CBBCD1B81C53100C25A4D /* Loading.png */ = {isa = PBXFileReference; lastKnownFileType = image.png; path = Loading.png; sourceTree = "<group>"; };
		AC9AEFDD1B80259B002B14E2 /* TipCal.app */ = {isa = PBXFileReference; explicitFileType = wrapper.application; includeInIndex = 0; path = TipCal.app; sourceTree = BUILT_PRODUCTS_DIR; };
		AC9AEFE11B80259B002B14E2 /* Info.plist */ = {isa = PBXFileReference; lastKnownFileType = text.plist.xml; path = Info.plist; sourceTree = "<group>"; };
		AC9AEFE21B80259B002B14E2 /* AppDelegate.swift */ = {isa = PBXFileReference; lastKnownFileType = sourcecode.swift; path = AppDelegate.swift; sourceTree = "<group>"; };
		AC9AEFE51B80259B002B14E2 /* TipCal.xcdatamodel */ = {isa = PBXFileReference; lastKnownFileType = wrapper.xcdatamodel; path = TipCal.xcdatamodel; sourceTree = "<group>"; };
		AC9AEFE71B80259B002B14E2 /* CalculatorViewController.swift */ = {isa = PBXFileReference; lastKnownFileType = sourcecode.swift; path = CalculatorViewController.swift; sourceTree = "<group>"; };
		AC9AEFEA1B80259B002B14E2 /* Base */ = {isa = PBXFileReference; lastKnownFileType = file.storyboard; name = Base; path = Base.lproj/Main.storyboard; sourceTree = "<group>"; };
		AC9AEFEC1B80259B002B14E2 /* Images.xcassets */ = {isa = PBXFileReference; lastKnownFileType = folder.assetcatalog; path = Images.xcassets; sourceTree = "<group>"; };
		AC9AEFEF1B80259B002B14E2 /* Base */ = {isa = PBXFileReference; lastKnownFileType = file.xib; name = Base; path = Base.lproj/LaunchScreen.xib; sourceTree = "<group>"; };
		AC9AEFF51B80259B002B14E2 /* TipCalTests.xctest */ = {isa = PBXFileReference; explicitFileType = wrapper.cfbundle; includeInIndex = 0; path = TipCalTests.xctest; sourceTree = BUILT_PRODUCTS_DIR; };
		AC9AEFFA1B80259B002B14E2 /* Info.plist */ = {isa = PBXFileReference; lastKnownFileType = text.plist.xml; path = Info.plist; sourceTree = "<group>"; };
		AC9AEFFB1B80259B002B14E2 /* TipCalTests.swift */ = {isa = PBXFileReference; lastKnownFileType = sourcecode.swift; path = TipCalTests.swift; sourceTree = "<group>"; };
		AC9AF0091B802905002B14E2 /* Settings-24.png */ = {isa = PBXFileReference; lastKnownFileType = image.png; path = "Settings-24.png"; sourceTree = "<group>"; };
		AC9AF00B1B802974002B14E2 /* History-24.png */ = {isa = PBXFileReference; lastKnownFileType = image.png; path = "History-24.png"; sourceTree = "<group>"; };
		AC9AF00D1B802A2D002B14E2 /* TipHistoryTableViewController.swift */ = {isa = PBXFileReference; fileEncoding = 4; lastKnownFileType = sourcecode.swift; path = TipHistoryTableViewController.swift; sourceTree = "<group>"; };
		AC9AF00F1B802A47002B14E2 /* SettingsViewController.swift */ = {isa = PBXFileReference; fileEncoding = 4; lastKnownFileType = sourcecode.swift; path = SettingsViewController.swift; sourceTree = "<group>"; };
		AC9AF01D1B803276002B14E2 /* LessTip-30.png */ = {isa = PBXFileReference; lastKnownFileType = image.png; path = "LessTip-30.png"; sourceTree = "<group>"; };
		AC9AF01E1B803276002B14E2 /* MoreTip-30.png */ = {isa = PBXFileReference; lastKnownFileType = image.png; path = "MoreTip-30.png"; sourceTree = "<group>"; };
		AC9AF0211B80333A002B14E2 /* TipCal.plist */ = {isa = PBXFileReference; fileEncoding = 4; lastKnownFileType = text.plist.xml; path = TipCal.plist; sourceTree = "<group>"; };
		AC9AF0231B803364002B14E2 /* TipCalConstants.swift */ = {isa = PBXFileReference; fileEncoding = 4; lastKnownFileType = sourcecode.swift; name = TipCalConstants.swift; path = TipCal/TipCalConstants.swift; sourceTree = SOURCE_ROOT; };
		AC9AF02B1B806E7C002B14E2 /* LastBillAmount.swift */ = {isa = PBXFileReference; fileEncoding = 4; lastKnownFileType = sourcecode.swift; path = LastBillAmount.swift; sourceTree = "<group>"; };
		AC9AF02D1B807E23002B14E2 /* TipCalUtils.swift */ = {isa = PBXFileReference; fileEncoding = 4; lastKnownFileType = sourcecode.swift; name = TipCalUtils.swift; path = TipCal/TipCalUtils.swift; sourceTree = SOURCE_ROOT; };
		AC9AF03F1B80DF80002B14E2 /* TipDetailsViewController.swift */ = {isa = PBXFileReference; fileEncoding = 4; lastKnownFileType = sourcecode.swift; path = TipDetailsViewController.swift; sourceTree = "<group>"; };
		ACF548501B82EE58005D58BE /* TipCalDemo.gif */ = {isa = PBXFileReference; lastKnownFileType = image.gif; path = TipCalDemo.gif; sourceTree = "<group>"; };
		ACF75E541B8F46DC005D447A /* TipCalculator.swift */ = {isa = PBXFileReference; fileEncoding = 4; lastKnownFileType = sourcecode.swift; path = TipCalculator.swift; sourceTree = "<group>"; };
/* End PBXFileReference section */

/* Begin PBXFrameworksBuildPhase section */
		AC9AEFDA1B80259B002B14E2 /* Frameworks */ = {
			isa = PBXFrameworksBuildPhase;
			buildActionMask = 2147483647;
			files = (
			);
			runOnlyForDeploymentPostprocessing = 0;
		};
		AC9AEFF21B80259B002B14E2 /* Frameworks */ = {
			isa = PBXFrameworksBuildPhase;
			buildActionMask = 2147483647;
			files = (
			);
			runOnlyForDeploymentPostprocessing = 0;
		};
/* End PBXFrameworksBuildPhase section */

/* Begin PBXGroup section */
		AC9AEFD41B80259B002B14E2 = {
			isa = PBXGroup;
			children = (
				ACF548501B82EE58005D58BE /* TipCalDemo.gif */,
				AC9AEFDF1B80259B002B14E2 /* TipCal */,
				AC9AEFF81B80259B002B14E2 /* TipCalTests */,
				AC9AEFDE1B80259B002B14E2 /* Products */,
			);
			sourceTree = "<group>";
		};
		AC9AEFDE1B80259B002B14E2 /* Products */ = {
			isa = PBXGroup;
			children = (
				AC9AEFDD1B80259B002B14E2 /* TipCal.app */,
				AC9AEFF51B80259B002B14E2 /* TipCalTests.xctest */,
			);
			name = Products;
			sourceTree = "<group>";
		};
		AC9AEFDF1B80259B002B14E2 /* TipCal */ = {
			isa = PBXGroup;
			children = (
				AC9AEFE21B80259B002B14E2 /* AppDelegate.swift */,
				ACF75E561B8F4725005D447A /* ViewControllers */,
				ACF75E591B8F47F9005D447A /* Models */,
				ACF75E5A1B8F480F005D447A /* Views */,
				AC9AEFEC1B80259B002B14E2 /* Images.xcassets */,
				ACF75E581B8F47B6005D447A /* Persistence */,
				ACF75E571B8F4772005D447A /* Images */,
				AC9AEFE01B80259B002B14E2 /* Supporting Files */,
			);
			path = TipCal;
			sourceTree = "<group>";
		};
		AC9AEFE01B80259B002B14E2 /* Supporting Files */ = {
			isa = PBXGroup;
			children = (
				AC4C07FB1B8389FD00C16F75 /* TipHistoryTableCell.swift */,
				AC9AF0231B803364002B14E2 /* TipCalConstants.swift */,
				AC9AF02D1B807E23002B14E2 /* TipCalUtils.swift */,
				AC9AEFE11B80259B002B14E2 /* Info.plist */,
				AC9AF0211B80333A002B14E2 /* TipCal.plist */,
			);
			name = "Supporting Files";
			sourceTree = "<group>";
		};
		AC9AEFF81B80259B002B14E2 /* TipCalTests */ = {
			isa = PBXGroup;
			children = (
				AC9AEFFB1B80259B002B14E2 /* TipCalTests.swift */,
				AC9AEFF91B80259B002B14E2 /* Supporting Files */,
			);
			path = TipCalTests;
			sourceTree = "<group>";
		};
		AC9AEFF91B80259B002B14E2 /* Supporting Files */ = {
			isa = PBXGroup;
			children = (
				AC9AEFFA1B80259B002B14E2 /* Info.plist */,
			);
			name = "Supporting Files";
			sourceTree = "<group>";
		};
		ACF75E561B8F4725005D447A /* ViewControllers */ = {
			isa = PBXGroup;
			children = (
				AC9AEFE71B80259B002B14E2 /* CalculatorViewController.swift */,
				AC9AF00D1B802A2D002B14E2 /* TipHistoryTableViewController.swift */,
				AC9AF03F1B80DF80002B14E2 /* TipDetailsViewController.swift */,
				AC9AF00F1B802A47002B14E2 /* SettingsViewController.swift */,
				AC8CBBBD1B81B70500C25A4D /* AcknowledgementViewController.swift */,
			);
			name = ViewControllers;
			sourceTree = "<group>";
		};
		ACF75E571B8F4772005D447A /* Images */ = {
			isa = PBXGroup;
			children = (
				AC4C08301B8EABF100C16F75 /* Map Marker-64.png */,
				AC4C07F91B830A2A00C16F75 /* Right Filled-100.png */,
				AC4C07F51B83096700C16F75 /* Group-100.png */,
				AC4C07F61B83096700C16F75 /* User-100.png */,
				AC8CBBCD1B81C53100C25A4D /* Loading.png */,
				AC8CBBC91B81C02900C25A4D /* tipApp-180.png */,
				AC8CBBC71B81BFF500C25A4D /* tipApp-120.png */,
				AC8CBBC11B81B95800C25A4D /* Tip-100.png */,
				AC8CBBBF1B81B90300C25A4D /* Banknotes-100.png */,
				AC8CBBB91B81B02C00C25A4D /* Info-25.png */,
				AC9AF01D1B803276002B14E2 /* LessTip-30.png */,
				AC9AF01E1B803276002B14E2 /* MoreTip-30.png */,
				AC9AF00B1B802974002B14E2 /* History-24.png */,
				AC9AF0091B802905002B14E2 /* Settings-24.png */,
			);
			name = Images;
			sourceTree = "<group>";
		};
		ACF75E581B8F47B6005D447A /* Persistence */ = {
			isa = PBXGroup;
			children = (
				AC9AEFE41B80259B002B14E2 /* TipCal.xcdatamodeld */,
				AC4C08341B8EB6B100C16F75 /* TipHistory.swift */,
				AC9AF02B1B806E7C002B14E2 /* LastBillAmount.swift */,
			);
			name = Persistence;
			sourceTree = "<group>";
		};
		ACF75E591B8F47F9005D447A /* Models */ = {
			isa = PBXGroup;
			children = (
				ACF75E541B8F46DC005D447A /* TipCalculator.swift */,
			);
			name = Models;
			sourceTree = "<group>";
		};
		ACF75E5A1B8F480F005D447A /* Views */ = {
			isa = PBXGroup;
			children = (
				AC9AEFE91B80259B002B14E2 /* Main.storyboard */,
				AC9AEFEE1B80259B002B14E2 /* LaunchScreen.xib */,
			);
			name = Views;
			sourceTree = "<group>";
		};
/* End PBXGroup section */

/* Begin PBXNativeTarget section */
		AC9AEFDC1B80259B002B14E2 /* TipCal */ = {
			isa = PBXNativeTarget;
			buildConfigurationList = AC9AEFFF1B80259B002B14E2 /* Build configuration list for PBXNativeTarget "TipCal" */;
			buildPhases = (
				AC9AEFD91B80259B002B14E2 /* Sources */,
				AC9AEFDA1B80259B002B14E2 /* Frameworks */,
				AC9AEFDB1B80259B002B14E2 /* Resources */,
			);
			buildRules = (
			);
			dependencies = (
			);
			name = TipCal;
			productName = TipCal;
			productReference = AC9AEFDD1B80259B002B14E2 /* TipCal.app */;
			productType = "com.apple.product-type.application";
		};
		AC9AEFF41B80259B002B14E2 /* TipCalTests */ = {
			isa = PBXNativeTarget;
			buildConfigurationList = AC9AF0021B80259B002B14E2 /* Build configuration list for PBXNativeTarget "TipCalTests" */;
			buildPhases = (
				AC9AEFF11B80259B002B14E2 /* Sources */,
				AC9AEFF21B80259B002B14E2 /* Frameworks */,
				AC9AEFF31B80259B002B14E2 /* Resources */,
			);
			buildRules = (
			);
			dependencies = (
				AC9AEFF71B80259B002B14E2 /* PBXTargetDependency */,
			);
			name = TipCalTests;
			productName = TipCalTests;
			productReference = AC9AEFF51B80259B002B14E2 /* TipCalTests.xctest */;
			productType = "com.apple.product-type.bundle.unit-test";
		};
/* End PBXNativeTarget section */

/* Begin PBXProject section */
		AC9AEFD51B80259B002B14E2 /* Project object */ = {
			isa = PBXProject;
			attributes = {
				LastSwiftUpdateCheck = 0700;
				LastUpgradeCheck = 0640;
				ORGANIZATIONNAME = AKS;
				TargetAttributes = {
					AC9AEFDC1B80259B002B14E2 = {
						CreatedOnToolsVersion = 6.4;
					};
					AC9AEFF41B80259B002B14E2 = {
						CreatedOnToolsVersion = 6.4;
						TestTargetID = AC9AEFDC1B80259B002B14E2;
					};
				};
			};
			buildConfigurationList = AC9AEFD81B80259B002B14E2 /* Build configuration list for PBXProject "TipCal" */;
			compatibilityVersion = "Xcode 3.2";
			developmentRegion = English;
			hasScannedForEncodings = 0;
			knownRegions = (
				en,
				Base,
			);
			mainGroup = AC9AEFD41B80259B002B14E2;
			productRefGroup = AC9AEFDE1B80259B002B14E2 /* Products */;
			projectDirPath = "";
			projectRoot = "";
			targets = (
				AC9AEFDC1B80259B002B14E2 /* TipCal */,
				AC9AEFF41B80259B002B14E2 /* TipCalTests */,
			);
		};
/* End PBXProject section */

/* Begin PBXResourcesBuildPhase section */
		AC9AEFDB1B80259B002B14E2 /* Resources */ = {
			isa = PBXResourcesBuildPhase;
			buildActionMask = 2147483647;
			files = (
				AC9AF00A1B802905002B14E2 /* Settings-24.png in Resources */,
				AC9AF0201B803276002B14E2 /* MoreTip-30.png in Resources */,
				AC9AF00C1B802974002B14E2 /* History-24.png in Resources */,
				AC9AF0221B80333A002B14E2 /* TipCal.plist in Resources */,
				AC4C07F71B83096700C16F75 /* Group-100.png in Resources */,
				ACF548511B82EE58005D58BE /* TipCalDemo.gif in Resources */,
				AC4C07F81B83096700C16F75 /* User-100.png in Resources */,
				AC4C07FA1B830A2A00C16F75 /* Right Filled-100.png in Resources */,
				AC9AEFEB1B80259B002B14E2 /* Main.storyboard in Resources */,
				AC4C08311B8EABF100C16F75 /* Map Marker-64.png in Resources */,
				AC8CBBCE1B81C53100C25A4D /* Loading.png in Resources */,
				AC8CBBBA1B81B02C00C25A4D /* Info-25.png in Resources */,
				AC8CBBC01B81B90300C25A4D /* Banknotes-100.png in Resources */,
				AC9AEFF01B80259B002B14E2 /* LaunchScreen.xib in Resources */,
				AC8CBBC21B81B95800C25A4D /* Tip-100.png in Resources */,
				AC9AEFED1B80259B002B14E2 /* Images.xcassets in Resources */,
				AC9AF01F1B803276002B14E2 /* LessTip-30.png in Resources */,
				AC8CBBCA1B81C02900C25A4D /* tipApp-180.png in Resources */,
				AC8CBBC81B81BFF500C25A4D /* tipApp-120.png in Resources */,
			);
			runOnlyForDeploymentPostprocessing = 0;
		};
		AC9AEFF31B80259B002B14E2 /* Resources */ = {
			isa = PBXResourcesBuildPhase;
			buildActionMask = 2147483647;
			files = (
			);
			runOnlyForDeploymentPostprocessing = 0;
		};
/* End PBXResourcesBuildPhase section */

/* Begin PBXSourcesBuildPhase section */
		AC9AEFD91B80259B002B14E2 /* Sources */ = {
			isa = PBXSourcesBuildPhase;
			buildActionMask = 2147483647;
			files = (
				AC9AF02C1B806E7C002B14E2 /* LastBillAmount.swift in Sources */,
				AC9AF00E1B802A2D002B14E2 /* TipHistoryTableViewController.swift in Sources */,
				AC9AF02E1B807E23002B14E2 /* TipCalUtils.swift in Sources */,
				AC9AF0241B803364002B14E2 /* TipCalConstants.swift in Sources */,
				AC9AEFE81B80259B002B14E2 /* CalculatorViewController.swift in Sources */,
				AC9AEFE61B80259B002B14E2 /* TipCal.xcdatamodeld in Sources */,
				AC4C08351B8EB6B100C16F75 /* TipHistory.swift in Sources */,
				AC9AF0101B802A47002B14E2 /* SettingsViewController.swift in Sources */,
				AC9AEFE31B80259B002B14E2 /* AppDelegate.swift in Sources */,
				AC9AF0401B80DF80002B14E2 /* TipDetailsViewController.swift in Sources */,
				AC8CBBBE1B81B70500C25A4D /* AcknowledgementViewController.swift in Sources */,
				ACF75E551B8F46DC005D447A /* TipCalculator.swift in Sources */,
				AC4C07FC1B8389FD00C16F75 /* TipHistoryTableCell.swift in Sources */,
			);
			runOnlyForDeploymentPostprocessing = 0;
		};
		AC9AEFF11B80259B002B14E2 /* Sources */ = {
			isa = PBXSourcesBuildPhase;
			buildActionMask = 2147483647;
			files = (
				AC9AEFFC1B80259B002B14E2 /* TipCalTests.swift in Sources */,
			);
			runOnlyForDeploymentPostprocessing = 0;
		};
/* End PBXSourcesBuildPhase section */

/* Begin PBXTargetDependency section */
		AC9AEFF71B80259B002B14E2 /* PBXTargetDependency */ = {
			isa = PBXTargetDependency;
			target = AC9AEFDC1B80259B002B14E2 /* TipCal */;
			targetProxy = AC9AEFF61B80259B002B14E2 /* PBXContainerItemProxy */;
		};
/* End PBXTargetDependency section */

/* Begin PBXVariantGroup section */
		AC9AEFE91B80259B002B14E2 /* Main.storyboard */ = {
			isa = PBXVariantGroup;
			children = (
				AC9AEFEA1B80259B002B14E2 /* Base */,
			);
			name = Main.storyboard;
			sourceTree = "<group>";
		};
		AC9AEFEE1B80259B002B14E2 /* LaunchScreen.xib */ = {
			isa = PBXVariantGroup;
			children = (
				AC9AEFEF1B80259B002B14E2 /* Base */,
			);
			name = LaunchScreen.xib;
			sourceTree = "<group>";
		};
/* End PBXVariantGroup section */

/* Begin XCBuildConfiguration section */
		AC9AEFFD1B80259B002B14E2 /* Debug */ = {
			isa = XCBuildConfiguration;
			buildSettings = {
				ALWAYS_SEARCH_USER_PATHS = NO;
				CLANG_CXX_LANGUAGE_STANDARD = "gnu++0x";
				CLANG_CXX_LIBRARY = "libc++";
				CLANG_ENABLE_MODULES = YES;
				CLANG_ENABLE_OBJC_ARC = YES;
				CLANG_WARN_BOOL_CONVERSION = YES;
				CLANG_WARN_CONSTANT_CONVERSION = YES;
				CLANG_WARN_DIRECT_OBJC_ISA_USAGE = YES_ERROR;
				CLANG_WARN_EMPTY_BODY = YES;
				CLANG_WARN_ENUM_CONVERSION = YES;
				CLANG_WARN_INT_CONVERSION = YES;
				CLANG_WARN_OBJC_ROOT_CLASS = YES_ERROR;
				CLANG_WARN_UNREACHABLE_CODE = YES;
				CLANG_WARN__DUPLICATE_METHOD_MATCH = YES;
				"CODE_SIGN_IDENTITY[sdk=iphoneos*]" = "iPhone Developer";
				COPY_PHASE_STRIP = NO;
				DEBUG_INFORMATION_FORMAT = "dwarf-with-dsym";
				ENABLE_STRICT_OBJC_MSGSEND = YES;
				GCC_C_LANGUAGE_STANDARD = gnu99;
				GCC_DYNAMIC_NO_PIC = NO;
				GCC_NO_COMMON_BLOCKS = YES;
				GCC_OPTIMIZATION_LEVEL = 0;
				GCC_PREPROCESSOR_DEFINITIONS = (
					"DEBUG=1",
					"$(inherited)",
				);
				GCC_SYMBOLS_PRIVATE_EXTERN = NO;
				GCC_WARN_64_TO_32_BIT_CONVERSION = YES;
				GCC_WARN_ABOUT_RETURN_TYPE = YES_ERROR;
				GCC_WARN_UNDECLARED_SELECTOR = YES;
				GCC_WARN_UNINITIALIZED_AUTOS = YES_AGGRESSIVE;
				GCC_WARN_UNUSED_FUNCTION = YES;
				GCC_WARN_UNUSED_VARIABLE = YES;
				IPHONEOS_DEPLOYMENT_TARGET = 8.4;
				MTL_ENABLE_DEBUG_INFO = YES;
				ONLY_ACTIVE_ARCH = YES;
				SDKROOT = iphoneos;
				SWIFT_OPTIMIZATION_LEVEL = "-Onone";
			};
			name = Debug;
		};
		AC9AEFFE1B80259B002B14E2 /* Release */ = {
			isa = XCBuildConfiguration;
			buildSettings = {
				ALWAYS_SEARCH_USER_PATHS = NO;
				CLANG_CXX_LANGUAGE_STANDARD = "gnu++0x";
				CLANG_CXX_LIBRARY = "libc++";
				CLANG_ENABLE_MODULES = YES;
				CLANG_ENABLE_OBJC_ARC = YES;
				CLANG_WARN_BOOL_CONVERSION = YES;
				CLANG_WARN_CONSTANT_CONVERSION = YES;
				CLANG_WARN_DIRECT_OBJC_ISA_USAGE = YES_ERROR;
				CLANG_WARN_EMPTY_BODY = YES;
				CLANG_WARN_ENUM_CONVERSION = YES;
				CLANG_WARN_INT_CONVERSION = YES;
				CLANG_WARN_OBJC_ROOT_CLASS = YES_ERROR;
				CLANG_WARN_UNREACHABLE_CODE = YES;
				CLANG_WARN__DUPLICATE_METHOD_MATCH = YES;
				"CODE_SIGN_IDENTITY[sdk=iphoneos*]" = "iPhone Developer";
				COPY_PHASE_STRIP = NO;
				DEBUG_INFORMATION_FORMAT = "dwarf-with-dsym";
				ENABLE_NS_ASSERTIONS = NO;
				ENABLE_STRICT_OBJC_MSGSEND = YES;
				GCC_C_LANGUAGE_STANDARD = gnu99;
				GCC_NO_COMMON_BLOCKS = YES;
				GCC_WARN_64_TO_32_BIT_CONVERSION = YES;
				GCC_WARN_ABOUT_RETURN_TYPE = YES_ERROR;
				GCC_WARN_UNDECLARED_SELECTOR = YES;
				GCC_WARN_UNINITIALIZED_AUTOS = YES_AGGRESSIVE;
				GCC_WARN_UNUSED_FUNCTION = YES;
				GCC_WARN_UNUSED_VARIABLE = YES;
				IPHONEOS_DEPLOYMENT_TARGET = 8.4;
				MTL_ENABLE_DEBUG_INFO = NO;
				SDKROOT = iphoneos;
				VALIDATE_PRODUCT = YES;
			};
			name = Release;
		};
		AC9AF0001B80259B002B14E2 /* Debug */ = {
			isa = XCBuildConfiguration;
			buildSettings = {
				ASSETCATALOG_COMPILER_APPICON_NAME = AppIcon;
				INFOPLIST_FILE = TipCal/Info.plist;
				LD_RUNPATH_SEARCH_PATHS = "$(inherited) @executable_path/Frameworks";
				PRODUCT_NAME = "$(TARGET_NAME)";
			};
			name = Debug;
		};
		AC9AF0011B80259B002B14E2 /* Release */ = {
			isa = XCBuildConfiguration;
			buildSettings = {
				ASSETCATALOG_COMPILER_APPICON_NAME = AppIcon;
				INFOPLIST_FILE = TipCal/Info.plist;
				LD_RUNPATH_SEARCH_PATHS = "$(inherited) @executable_path/Frameworks";
				PRODUCT_NAME = "$(TARGET_NAME)";
			};
			name = Release;
		};
		AC9AF0031B80259B002B14E2 /* Debug */ = {
			isa = XCBuildConfiguration;
			buildSettings = {
				BUNDLE_LOADER = "$(TEST_HOST)";
				FRAMEWORK_SEARCH_PATHS = (
					"$(SDKROOT)/Developer/Library/Frameworks",
					"$(inherited)",
				);
				GCC_PREPROCESSOR_DEFINITIONS = (
					"DEBUG=1",
					"$(inherited)",
				);
				INFOPLIST_FILE = TipCalTests/Info.plist;
				LD_RUNPATH_SEARCH_PATHS = "$(inherited) @executable_path/Frameworks @loader_path/Frameworks";
				PRODUCT_NAME = "$(TARGET_NAME)";
				TEST_HOST = "$(BUILT_PRODUCTS_DIR)/TipCal.app/TipCal";
			};
			name = Debug;
		};
		AC9AF0041B80259B002B14E2 /* Release */ = {
			isa = XCBuildConfiguration;
			buildSettings = {
				BUNDLE_LOADER = "$(TEST_HOST)";
				FRAMEWORK_SEARCH_PATHS = (
					"$(SDKROOT)/Developer/Library/Frameworks",
					"$(inherited)",
				);
				INFOPLIST_FILE = TipCalTests/Info.plist;
				LD_RUNPATH_SEARCH_PATHS = "$(inherited) @executable_path/Frameworks @loader_path/Frameworks";
				PRODUCT_NAME = "$(TARGET_NAME)";
				TEST_HOST = "$(BUILT_PRODUCTS_DIR)/TipCal.app/TipCal";
			};
			name = Release;
		};
/* End XCBuildConfiguration section */

/* Begin XCConfigurationList section */
		AC9AEFD81B80259B002B14E2 /* Build configuration list for PBXProject "TipCal" */ = {
			isa = XCConfigurationList;
			buildConfigurations = (
				AC9AEFFD1B80259B002B14E2 /* Debug */,
				AC9AEFFE1B80259B002B14E2 /* Release */,
			);
			defaultConfigurationIsVisible = 0;
			defaultConfigurationName = Release;
		};
		AC9AEFFF1B80259B002B14E2 /* Build configuration list for PBXNativeTarget "TipCal" */ = {
			isa = XCConfigurationList;
			buildConfigurations = (
				AC9AF0001B80259B002B14E2 /* Debug */,
				AC9AF0011B80259B002B14E2 /* Release */,
			);
			defaultConfigurationIsVisible = 0;
			defaultConfigurationName = Release;
		};
		AC9AF0021B80259B002B14E2 /* Build configuration list for PBXNativeTarget "TipCalTests" */ = {
			isa = XCConfigurationList;
			buildConfigurations = (
				AC9AF0031B80259B002B14E2 /* Debug */,
				AC9AF0041B80259B002B14E2 /* Release */,
			);
			defaultConfigurationIsVisible = 0;
			defaultConfigurationName = Release;
		};
/* End XCConfigurationList section */

/* Begin XCVersionGroup section */
		AC9AEFE41B80259B002B14E2 /* TipCal.xcdatamodeld */ = {
			isa = XCVersionGroup;
			children = (
				AC9AEFE51B80259B002B14E2 /* TipCal.xcdatamodel */,
			);
			currentVersion = AC9AEFE51B80259B002B14E2 /* TipCal.xcdatamodel */;
			path = TipCal.xcdatamodeld;
			sourceTree = "<group>";
			versionGroupType = wrapper.xcdatamodel;
		};
/* End XCVersionGroup section */
	};
	rootObject = AC9AEFD51B80259B002B14E2 /* Project object */;
}
